// !$*UTF8*$!
{
	archiveVersion = 1;
	classes = {
	};
	objectVersion = 77;
	objects = {

/* Begin PBXBuildFile section */
		BBBCA01DF9DD5F93C44F4886 /* Pods_Taste_Test_Taste_TestUITests.framework in Frameworks */ = {isa = PBXBuildFile; fileRef = D9DAC5794EECF3D302D7EA67 /* Pods_Taste_Test_Taste_TestUITests.framework */; };
		C7BCB494935A5D599680CA14 /* Pods_Taste_TestTests.framework in Frameworks */ = {isa = PBXBuildFile; fileRef = 7AB7A6D7913F1F378FB695A5 /* Pods_Taste_TestTests.framework */; };
		D1A86570BCBF24C40684C0D4 /* Pods_Taste_Test.framework in Frameworks */ = {isa = PBXBuildFile; fileRef = 5401DD7F9E1327BA4C4C3142 /* Pods_Taste_Test.framework */; };
		F6BA75FD2D45790C002378AE /* Down in Frameworks */ = {isa = PBXBuildFile; productRef = F6BA75FC2D45790C002378AE /* Down */; };
		F6BA76012D46A35D002378AE /* Auth in Frameworks */ = {isa = PBXBuildFile; productRef = F6BA76002D46A35D002378AE /* Auth */; };
		F6BA76032D46A35D002378AE /* Functions in Frameworks */ = {isa = PBXBuildFile; productRef = F6BA76022D46A35D002378AE /* Functions */; };
		F6BA76052D46A35D002378AE /* PostgREST in Frameworks */ = {isa = PBXBuildFile; productRef = F6BA76042D46A35D002378AE /* PostgREST */; };
		F6BA76072D46A35D002378AE /* Realtime in Frameworks */ = {isa = PBXBuildFile; productRef = F6BA76062D46A35D002378AE /* Realtime */; };
		F6BA76092D46A35D002378AE /* Storage in Frameworks */ = {isa = PBXBuildFile; productRef = F6BA76082D46A35D002378AE /* Storage */; };
/* End PBXBuildFile section */

/* Begin PBXContainerItemProxy section */
		F69D95BB2D43413C00503127 /* PBXContainerItemProxy */ = {
			isa = PBXContainerItemProxy;
			containerPortal = F69D95A22D43413A00503127 /* Project object */;
			proxyType = 1;
			remoteGlobalIDString = F69D95A92D43413A00503127;
			remoteInfo = "Taste Test";
		};
		F69D95C52D43413C00503127 /* PBXContainerItemProxy */ = {
			isa = PBXContainerItemProxy;
			containerPortal = F69D95A22D43413A00503127 /* Project object */;
			proxyType = 1;
			remoteGlobalIDString = F69D95A92D43413A00503127;
			remoteInfo = "Taste Test";
		};
/* End PBXContainerItemProxy section */

/* Begin PBXFileReference section */
		044B8D788A97DF71F99EDAFF /* Pods-Taste Test-Taste TestUITests.debug.xcconfig */ = {isa = PBXFileReference; includeInIndex = 1; lastKnownFileType = text.xcconfig; name = "Pods-Taste Test-Taste TestUITests.debug.xcconfig"; path = "Target Support Files/Pods-Taste Test-Taste TestUITests/Pods-Taste Test-Taste TestUITests.debug.xcconfig"; sourceTree = "<group>"; };
		0A029AB67C4EEC263A8C7F6B /* Pods-Taste Test.debug.xcconfig */ = {isa = PBXFileReference; includeInIndex = 1; lastKnownFileType = text.xcconfig; name = "Pods-Taste Test.debug.xcconfig"; path = "Target Support Files/Pods-Taste Test/Pods-Taste Test.debug.xcconfig"; sourceTree = "<group>"; };
		5401DD7F9E1327BA4C4C3142 /* Pods_Taste_Test.framework */ = {isa = PBXFileReference; explicitFileType = wrapper.framework; includeInIndex = 0; path = Pods_Taste_Test.framework; sourceTree = BUILT_PRODUCTS_DIR; };
		6246B14B17FD664BA8E29B75 /* Pods-Taste Test-Taste TestUITests.release.xcconfig */ = {isa = PBXFileReference; includeInIndex = 1; lastKnownFileType = text.xcconfig; name = "Pods-Taste Test-Taste TestUITests.release.xcconfig"; path = "Target Support Files/Pods-Taste Test-Taste TestUITests/Pods-Taste Test-Taste TestUITests.release.xcconfig"; sourceTree = "<group>"; };
		7AB7A6D7913F1F378FB695A5 /* Pods_Taste_TestTests.framework */ = {isa = PBXFileReference; explicitFileType = wrapper.framework; includeInIndex = 0; path = Pods_Taste_TestTests.framework; sourceTree = BUILT_PRODUCTS_DIR; };
		8B442CD6141039DDF50A9D2B /* Pods-Taste Test.release.xcconfig */ = {isa = PBXFileReference; includeInIndex = 1; lastKnownFileType = text.xcconfig; name = "Pods-Taste Test.release.xcconfig"; path = "Target Support Files/Pods-Taste Test/Pods-Taste Test.release.xcconfig"; sourceTree = "<group>"; };
		BFAA9A9F487559D3BE9CECE3 /* Pods-Taste TestTests.release.xcconfig */ = {isa = PBXFileReference; includeInIndex = 1; lastKnownFileType = text.xcconfig; name = "Pods-Taste TestTests.release.xcconfig"; path = "Target Support Files/Pods-Taste TestTests/Pods-Taste TestTests.release.xcconfig"; sourceTree = "<group>"; };
		D9DAC5794EECF3D302D7EA67 /* Pods_Taste_Test_Taste_TestUITests.framework */ = {isa = PBXFileReference; explicitFileType = wrapper.framework; includeInIndex = 0; path = Pods_Taste_Test_Taste_TestUITests.framework; sourceTree = BUILT_PRODUCTS_DIR; };
		E654C586773F827B05FB91F5 /* Pods-Taste TestTests.debug.xcconfig */ = {isa = PBXFileReference; includeInIndex = 1; lastKnownFileType = text.xcconfig; name = "Pods-Taste TestTests.debug.xcconfig"; path = "Target Support Files/Pods-Taste TestTests/Pods-Taste TestTests.debug.xcconfig"; sourceTree = "<group>"; };
		F69D95AA2D43413A00503127 /* Taste Test.app */ = {isa = PBXFileReference; explicitFileType = wrapper.application; includeInIndex = 0; path = "Taste Test.app"; sourceTree = BUILT_PRODUCTS_DIR; };
		F69D95BA2D43413C00503127 /* Taste TestTests.xctest */ = {isa = PBXFileReference; explicitFileType = wrapper.cfbundle; includeInIndex = 0; path = "Taste TestTests.xctest"; sourceTree = BUILT_PRODUCTS_DIR; };
		F69D95C42D43413C00503127 /* Taste TestUITests.xctest */ = {isa = PBXFileReference; explicitFileType = wrapper.cfbundle; includeInIndex = 0; path = "Taste TestUITests.xctest"; sourceTree = BUILT_PRODUCTS_DIR; };
/* End PBXFileReference section */

/* Begin PBXFileSystemSynchronizedBuildFileExceptionSet section */
		F6DF4BEE2D435C8F00807D97 /* Exceptions for "Taste Test" folder in "Taste Test" target */ = {
			isa = PBXFileSystemSynchronizedBuildFileExceptionSet;
			membershipExceptions = (
				Info.plist,
			);
			target = F69D95A92D43413A00503127 /* Taste Test */;
		};
/* End PBXFileSystemSynchronizedBuildFileExceptionSet section */

/* Begin PBXFileSystemSynchronizedRootGroup section */
		F69D95AC2D43413A00503127 /* Taste Test */ = {
			isa = PBXFileSystemSynchronizedRootGroup;
			exceptions = (
				F6DF4BEE2D435C8F00807D97 /* Exceptions for "Taste Test" folder in "Taste Test" target */,
			);
			path = "Taste Test";
			sourceTree = "<group>";
		};
		F69D95BD2D43413C00503127 /* Taste TestTests */ = {
			isa = PBXFileSystemSynchronizedRootGroup;
			exceptions = (
			);
			path = "Taste TestTests";
			sourceTree = "<group>";
		};
		F69D95C72D43413C00503127 /* Taste TestUITests */ = {
			isa = PBXFileSystemSynchronizedRootGroup;
			exceptions = (
			);
			path = "Taste TestUITests";
			sourceTree = "<group>";
		};
/* End PBXFileSystemSynchronizedRootGroup section */

/* Begin PBXFrameworksBuildPhase section */
		F69D95A72D43413A00503127 /* Frameworks */ = {
			isa = PBXFrameworksBuildPhase;
			buildActionMask = 2147483647;
			files = (
				F6BA76092D46A35D002378AE /* Storage in Frameworks */,
				F6BA76052D46A35D002378AE /* PostgREST in Frameworks */,
				F6BA76032D46A35D002378AE /* Functions in Frameworks */,
				F6BA76012D46A35D002378AE /* Auth in Frameworks */,
				F6BA76072D46A35D002378AE /* Realtime in Frameworks */,
				F6BA75FD2D45790C002378AE /* Down in Frameworks */,
				D1A86570BCBF24C40684C0D4 /* Pods_Taste_Test.framework in Frameworks */,
			);
			runOnlyForDeploymentPostprocessing = 0;
		};
		F69D95B72D43413C00503127 /* Frameworks */ = {
			isa = PBXFrameworksBuildPhase;
			buildActionMask = 2147483647;
			files = (
				C7BCB494935A5D599680CA14 /* Pods_Taste_TestTests.framework in Frameworks */,
			);
			runOnlyForDeploymentPostprocessing = 0;
		};
		F69D95C12D43413C00503127 /* Frameworks */ = {
			isa = PBXFrameworksBuildPhase;
			buildActionMask = 2147483647;
			files = (
				BBBCA01DF9DD5F93C44F4886 /* Pods_Taste_Test_Taste_TestUITests.framework in Frameworks */,
			);
			runOnlyForDeploymentPostprocessing = 0;
		};
/* End PBXFrameworksBuildPhase section */

/* Begin PBXGroup section */
		04481712A83C06F327834877 /* Frameworks */ = {
			isa = PBXGroup;
			children = (
				5401DD7F9E1327BA4C4C3142 /* Pods_Taste_Test.framework */,
				D9DAC5794EECF3D302D7EA67 /* Pods_Taste_Test_Taste_TestUITests.framework */,
				7AB7A6D7913F1F378FB695A5 /* Pods_Taste_TestTests.framework */,
			);
			name = Frameworks;
			sourceTree = "<group>";
		};
		697288FA6281748719402D5F /* Pods */ = {
			isa = PBXGroup;
			children = (
				0A029AB67C4EEC263A8C7F6B /* Pods-Taste Test.debug.xcconfig */,
				8B442CD6141039DDF50A9D2B /* Pods-Taste Test.release.xcconfig */,
				044B8D788A97DF71F99EDAFF /* Pods-Taste Test-Taste TestUITests.debug.xcconfig */,
				6246B14B17FD664BA8E29B75 /* Pods-Taste Test-Taste TestUITests.release.xcconfig */,
				E654C586773F827B05FB91F5 /* Pods-Taste TestTests.debug.xcconfig */,
				BFAA9A9F487559D3BE9CECE3 /* Pods-Taste TestTests.release.xcconfig */,
			);
			path = Pods;
			sourceTree = "<group>";
		};
		F69D95A12D43413A00503127 = {
			isa = PBXGroup;
			children = (
				F69D95AC2D43413A00503127 /* Taste Test */,
				F69D95BD2D43413C00503127 /* Taste TestTests */,
				F69D95C72D43413C00503127 /* Taste TestUITests */,
				F69D95AB2D43413A00503127 /* Products */,
				697288FA6281748719402D5F /* Pods */,
				04481712A83C06F327834877 /* Frameworks */,
			);
			sourceTree = "<group>";
		};
		F69D95AB2D43413A00503127 /* Products */ = {
			isa = PBXGroup;
			children = (
				F69D95AA2D43413A00503127 /* Taste Test.app */,
				F69D95BA2D43413C00503127 /* Taste TestTests.xctest */,
				F69D95C42D43413C00503127 /* Taste TestUITests.xctest */,
			);
			name = Products;
			sourceTree = "<group>";
		};
/* End PBXGroup section */

/* Begin PBXNativeTarget section */
		F69D95A92D43413A00503127 /* Taste Test */ = {
			isa = PBXNativeTarget;
			buildConfigurationList = F69D95CE2D43413C00503127 /* Build configuration list for PBXNativeTarget "Taste Test" */;
			buildPhases = (
				F143E54D59009F4570789852 /* [CP] Check Pods Manifest.lock */,
				F69D95A62D43413A00503127 /* Sources */,
				F69D95A72D43413A00503127 /* Frameworks */,
				F69D95A82D43413A00503127 /* Resources */,
			);
			buildRules = (
			);
			dependencies = (
			);
			fileSystemSynchronizedGroups = (
				F69D95AC2D43413A00503127 /* Taste Test */,
			);
			name = "Taste Test";
			packageProductDependencies = (
				F6BA75FC2D45790C002378AE /* Down */,
				F6BA76002D46A35D002378AE /* Auth */,
				F6BA76022D46A35D002378AE /* Functions */,
				F6BA76042D46A35D002378AE /* PostgREST */,
				F6BA76062D46A35D002378AE /* Realtime */,
				F6BA76082D46A35D002378AE /* Storage */,
			);
			productName = "Taste Test";
			productReference = F69D95AA2D43413A00503127 /* Taste Test.app */;
			productType = "com.apple.product-type.application";
		};
		F69D95B92D43413C00503127 /* Taste TestTests */ = {
			isa = PBXNativeTarget;
			buildConfigurationList = F69D95D12D43413C00503127 /* Build configuration list for PBXNativeTarget "Taste TestTests" */;
			buildPhases = (
				6B6C47B2AEADD68C4BBC086D /* [CP] Check Pods Manifest.lock */,
				F69D95B62D43413C00503127 /* Sources */,
				F69D95B72D43413C00503127 /* Frameworks */,
				F69D95B82D43413C00503127 /* Resources */,
			);
			buildRules = (
			);
			dependencies = (
				F69D95BC2D43413C00503127 /* PBXTargetDependency */,
			);
			fileSystemSynchronizedGroups = (
				F69D95BD2D43413C00503127 /* Taste TestTests */,
			);
			name = "Taste TestTests";
			productName = "Taste TestTests";
			productReference = F69D95BA2D43413C00503127 /* Taste TestTests.xctest */;
			productType = "com.apple.product-type.bundle.unit-test";
		};
		F69D95C32D43413C00503127 /* Taste TestUITests */ = {
			isa = PBXNativeTarget;
			buildConfigurationList = F69D95D42D43413C00503127 /* Build configuration list for PBXNativeTarget "Taste TestUITests" */;
			buildPhases = (
				49C53A8931F374B024818D79 /* [CP] Check Pods Manifest.lock */,
				F69D95C02D43413C00503127 /* Sources */,
				F69D95C12D43413C00503127 /* Frameworks */,
				F69D95C22D43413C00503127 /* Resources */,
			);
			buildRules = (
			);
			dependencies = (
				F69D95C62D43413C00503127 /* PBXTargetDependency */,
			);
			fileSystemSynchronizedGroups = (
				F69D95C72D43413C00503127 /* Taste TestUITests */,
			);
			name = "Taste TestUITests";
			productName = "Taste TestUITests";
			productReference = F69D95C42D43413C00503127 /* Taste TestUITests.xctest */;
			productType = "com.apple.product-type.bundle.ui-testing";
		};
/* End PBXNativeTarget section */

/* Begin PBXProject section */
		F69D95A22D43413A00503127 /* Project object */ = {
			isa = PBXProject;
			attributes = {
				BuildIndependentTargetsInParallel = 1;
				LastSwiftUpdateCheck = 1620;
				LastUpgradeCheck = 1620;
				TargetAttributes = {
					F69D95A92D43413A00503127 = {
						CreatedOnToolsVersion = 16.2;
					};
					F69D95B92D43413C00503127 = {
						CreatedOnToolsVersion = 16.2;
						TestTargetID = F69D95A92D43413A00503127;
					};
					F69D95C32D43413C00503127 = {
						CreatedOnToolsVersion = 16.2;
						TestTargetID = F69D95A92D43413A00503127;
					};
				};
			};
			buildConfigurationList = F69D95A52D43413A00503127 /* Build configuration list for PBXProject "Taste Test" */;
			developmentRegion = en;
			hasScannedForEncodings = 0;
			knownRegions = (
				en,
				Base,
			);
			mainGroup = F69D95A12D43413A00503127;
			minimizedProjectReferenceProxies = 1;
			packageReferences = (
				F6BA75FB2D4578E7002378AE /* XCRemoteSwiftPackageReference "Down" */,
				F6BA75FF2D46A35D002378AE /* XCRemoteSwiftPackageReference "supabase-swift" */,
			);
			preferredProjectObjectVersion = 77;
			productRefGroup = F69D95AB2D43413A00503127 /* Products */;
			projectDirPath = "";
			projectRoot = "";
			targets = (
				F69D95A92D43413A00503127 /* Taste Test */,
				F69D95B92D43413C00503127 /* Taste TestTests */,
				F69D95C32D43413C00503127 /* Taste TestUITests */,
			);
		};
/* End PBXProject section */

/* Begin PBXResourcesBuildPhase section */
		F69D95A82D43413A00503127 /* Resources */ = {
			isa = PBXResourcesBuildPhase;
			buildActionMask = 2147483647;
			files = (
			);
			runOnlyForDeploymentPostprocessing = 0;
		};
		F69D95B82D43413C00503127 /* Resources */ = {
			isa = PBXResourcesBuildPhase;
			buildActionMask = 2147483647;
			files = (
			);
			runOnlyForDeploymentPostprocessing = 0;
		};
		F69D95C22D43413C00503127 /* Resources */ = {
			isa = PBXResourcesBuildPhase;
			buildActionMask = 2147483647;
			files = (
			);
			runOnlyForDeploymentPostprocessing = 0;
		};
/* End PBXResourcesBuildPhase section */

/* Begin PBXShellScriptBuildPhase section */
		49C53A8931F374B024818D79 /* [CP] Check Pods Manifest.lock */ = {
			isa = PBXShellScriptBuildPhase;
			buildActionMask = 2147483647;
			files = (
			);
			inputFileListPaths = (
			);
			inputPaths = (
				"${PODS_PODFILE_DIR_PATH}/Podfile.lock",
				"${PODS_ROOT}/Manifest.lock",
			);
			name = "[CP] Check Pods Manifest.lock";
			outputFileListPaths = (
			);
			outputPaths = (
				"$(DERIVED_FILE_DIR)/Pods-Taste Test-Taste TestUITests-checkManifestLockResult.txt",
			);
			runOnlyForDeploymentPostprocessing = 0;
			shellPath = /bin/sh;
			shellScript = "diff \"${PODS_PODFILE_DIR_PATH}/Podfile.lock\" \"${PODS_ROOT}/Manifest.lock\" > /dev/null\nif [ $? != 0 ] ; then\n    # print error to STDERR\n    echo \"error: The sandbox is not in sync with the Podfile.lock. Run 'pod install' or update your CocoaPods installation.\" >&2\n    exit 1\nfi\n# This output is used by Xcode 'outputs' to avoid re-running this script phase.\necho \"SUCCESS\" > \"${SCRIPT_OUTPUT_FILE_0}\"\n";
			showEnvVarsInLog = 0;
		};
		6B6C47B2AEADD68C4BBC086D /* [CP] Check Pods Manifest.lock */ = {
			isa = PBXShellScriptBuildPhase;
			buildActionMask = 2147483647;
			files = (
			);
			inputFileListPaths = (
			);
			inputPaths = (
				"${PODS_PODFILE_DIR_PATH}/Podfile.lock",
				"${PODS_ROOT}/Manifest.lock",
			);
			name = "[CP] Check Pods Manifest.lock";
			outputFileListPaths = (
			);
			outputPaths = (
				"$(DERIVED_FILE_DIR)/Pods-Taste TestTests-checkManifestLockResult.txt",
			);
			runOnlyForDeploymentPostprocessing = 0;
			shellPath = /bin/sh;
			shellScript = "diff \"${PODS_PODFILE_DIR_PATH}/Podfile.lock\" \"${PODS_ROOT}/Manifest.lock\" > /dev/null\nif [ $? != 0 ] ; then\n    # print error to STDERR\n    echo \"error: The sandbox is not in sync with the Podfile.lock. Run 'pod install' or update your CocoaPods installation.\" >&2\n    exit 1\nfi\n# This output is used by Xcode 'outputs' to avoid re-running this script phase.\necho \"SUCCESS\" > \"${SCRIPT_OUTPUT_FILE_0}\"\n";
			showEnvVarsInLog = 0;
		};
		F143E54D59009F4570789852 /* [CP] Check Pods Manifest.lock */ = {
			isa = PBXShellScriptBuildPhase;
			buildActionMask = 2147483647;
			files = (
			);
			inputFileListPaths = (
			);
			inputPaths = (
				"${PODS_PODFILE_DIR_PATH}/Podfile.lock",
				"${PODS_ROOT}/Manifest.lock",
			);
			name = "[CP] Check Pods Manifest.lock";
			outputFileListPaths = (
			);
			outputPaths = (
				"$(DERIVED_FILE_DIR)/Pods-Taste Test-checkManifestLockResult.txt",
			);
			runOnlyForDeploymentPostprocessing = 0;
			shellPath = /bin/sh;
			shellScript = "diff \"${PODS_PODFILE_DIR_PATH}/Podfile.lock\" \"${PODS_ROOT}/Manifest.lock\" > /dev/null\nif [ $? != 0 ] ; then\n    # print error to STDERR\n    echo \"error: The sandbox is not in sync with the Podfile.lock. Run 'pod install' or update your CocoaPods installation.\" >&2\n    exit 1\nfi\n# This output is used by Xcode 'outputs' to avoid re-running this script phase.\necho \"SUCCESS\" > \"${SCRIPT_OUTPUT_FILE_0}\"\n";
			showEnvVarsInLog = 0;
		};
/* End PBXShellScriptBuildPhase section */

/* Begin PBXSourcesBuildPhase section */
		F69D95A62D43413A00503127 /* Sources */ = {
			isa = PBXSourcesBuildPhase;
			buildActionMask = 2147483647;
			files = (
			);
			runOnlyForDeploymentPostprocessing = 0;
		};
		F69D95B62D43413C00503127 /* Sources */ = {
			isa = PBXSourcesBuildPhase;
			buildActionMask = 2147483647;
			files = (
			);
			runOnlyForDeploymentPostprocessing = 0;
		};
		F69D95C02D43413C00503127 /* Sources */ = {
			isa = PBXSourcesBuildPhase;
			buildActionMask = 2147483647;
			files = (
			);
			runOnlyForDeploymentPostprocessing = 0;
		};
/* End PBXSourcesBuildPhase section */

/* Begin PBXTargetDependency section */
		F69D95BC2D43413C00503127 /* PBXTargetDependency */ = {
			isa = PBXTargetDependency;
			target = F69D95A92D43413A00503127 /* Taste Test */;
			targetProxy = F69D95BB2D43413C00503127 /* PBXContainerItemProxy */;
		};
		F69D95C62D43413C00503127 /* PBXTargetDependency */ = {
			isa = PBXTargetDependency;
			target = F69D95A92D43413A00503127 /* Taste Test */;
			targetProxy = F69D95C52D43413C00503127 /* PBXContainerItemProxy */;
		};
/* End PBXTargetDependency section */

/* Begin XCBuildConfiguration section */
		F69D95CC2D43413C00503127 /* Debug */ = {
			isa = XCBuildConfiguration;
			baseConfigurationReferenceAnchor = F69D95AC2D43413A00503127 /* Taste Test */;
			baseConfigurationReferenceRelativePath = Secrets.xcconfig;
			buildSettings = {
				ALWAYS_SEARCH_USER_PATHS = NO;
				ASSETCATALOG_COMPILER_GENERATE_SWIFT_ASSET_SYMBOL_EXTENSIONS = YES;
				CLANG_ANALYZER_NONNULL = YES;
				CLANG_ANALYZER_NUMBER_OBJECT_CONVERSION = YES_AGGRESSIVE;
				CLANG_CXX_LANGUAGE_STANDARD = "gnu++20";
				CLANG_ENABLE_MODULES = YES;
				CLANG_ENABLE_OBJC_ARC = YES;
				CLANG_ENABLE_OBJC_WEAK = YES;
				CLANG_WARN_BLOCK_CAPTURE_AUTORELEASING = YES;
				CLANG_WARN_BOOL_CONVERSION = YES;
				CLANG_WARN_COMMA = YES;
				CLANG_WARN_CONSTANT_CONVERSION = YES;
				CLANG_WARN_DEPRECATED_OBJC_IMPLEMENTATIONS = YES;
				CLANG_WARN_DIRECT_OBJC_ISA_USAGE = YES_ERROR;
				CLANG_WARN_DOCUMENTATION_COMMENTS = YES;
				CLANG_WARN_EMPTY_BODY = YES;
				CLANG_WARN_ENUM_CONVERSION = YES;
				CLANG_WARN_INFINITE_RECURSION = YES;
				CLANG_WARN_INT_CONVERSION = YES;
				CLANG_WARN_NON_LITERAL_NULL_CONVERSION = YES;
				CLANG_WARN_OBJC_IMPLICIT_RETAIN_SELF = YES;
				CLANG_WARN_OBJC_LITERAL_CONVERSION = YES;
				CLANG_WARN_OBJC_ROOT_CLASS = YES_ERROR;
				CLANG_WARN_QUOTED_INCLUDE_IN_FRAMEWORK_HEADER = YES;
				CLANG_WARN_RANGE_LOOP_ANALYSIS = YES;
				CLANG_WARN_STRICT_PROTOTYPES = YES;
				CLANG_WARN_SUSPICIOUS_MOVE = YES;
				CLANG_WARN_UNGUARDED_AVAILABILITY = YES_AGGRESSIVE;
				CLANG_WARN_UNREACHABLE_CODE = YES;
				CLANG_WARN__DUPLICATE_METHOD_MATCH = YES;
				COPY_PHASE_STRIP = NO;
				DEBUG_INFORMATION_FORMAT = dwarf;
				ENABLE_STRICT_OBJC_MSGSEND = YES;
				ENABLE_TESTABILITY = YES;
				ENABLE_USER_SCRIPT_SANDBOXING = YES;
				GCC_C_LANGUAGE_STANDARD = gnu17;
				GCC_DYNAMIC_NO_PIC = NO;
				GCC_NO_COMMON_BLOCKS = YES;
				GCC_OPTIMIZATION_LEVEL = 0;
				GCC_PREPROCESSOR_DEFINITIONS = (
					"DEBUG=1",
					"$(inherited)",
				);
				GCC_WARN_64_TO_32_BIT_CONVERSION = YES;
				GCC_WARN_ABOUT_RETURN_TYPE = YES_ERROR;
				GCC_WARN_UNDECLARED_SELECTOR = YES;
				GCC_WARN_UNINITIALIZED_AUTOS = YES_AGGRESSIVE;
				GCC_WARN_UNUSED_FUNCTION = YES;
				GCC_WARN_UNUSED_VARIABLE = YES;
				IPHONEOS_DEPLOYMENT_TARGET = 18.2;
				LOCALIZATION_PREFERS_STRING_CATALOGS = YES;
				MTL_ENABLE_DEBUG_INFO = INCLUDE_SOURCE;
				MTL_FAST_MATH = YES;
				ONLY_ACTIVE_ARCH = YES;
				SDKROOT = iphoneos;
				SWIFT_ACTIVE_COMPILATION_CONDITIONS = "DEBUG $(inherited)";
				SWIFT_OPTIMIZATION_LEVEL = "-Onone";
			};
			name = Debug;
		};
		F69D95CD2D43413C00503127 /* Release */ = {
			isa = XCBuildConfiguration;
			baseConfigurationReferenceAnchor = F69D95AC2D43413A00503127 /* Taste Test */;
			baseConfigurationReferenceRelativePath = Secrets.xcconfig;
			buildSettings = {
				ALWAYS_SEARCH_USER_PATHS = NO;
				ASSETCATALOG_COMPILER_GENERATE_SWIFT_ASSET_SYMBOL_EXTENSIONS = YES;
				CLANG_ANALYZER_NONNULL = YES;
				CLANG_ANALYZER_NUMBER_OBJECT_CONVERSION = YES_AGGRESSIVE;
				CLANG_CXX_LANGUAGE_STANDARD = "gnu++20";
				CLANG_ENABLE_MODULES = YES;
				CLANG_ENABLE_OBJC_ARC = YES;
				CLANG_ENABLE_OBJC_WEAK = YES;
				CLANG_WARN_BLOCK_CAPTURE_AUTORELEASING = YES;
				CLANG_WARN_BOOL_CONVERSION = YES;
				CLANG_WARN_COMMA = YES;
				CLANG_WARN_CONSTANT_CONVERSION = YES;
				CLANG_WARN_DEPRECATED_OBJC_IMPLEMENTATIONS = YES;
				CLANG_WARN_DIRECT_OBJC_ISA_USAGE = YES_ERROR;
				CLANG_WARN_DOCUMENTATION_COMMENTS = YES;
				CLANG_WARN_EMPTY_BODY = YES;
				CLANG_WARN_ENUM_CONVERSION = YES;
				CLANG_WARN_INFINITE_RECURSION = YES;
				CLANG_WARN_INT_CONVERSION = YES;
				CLANG_WARN_NON_LITERAL_NULL_CONVERSION = YES;
				CLANG_WARN_OBJC_IMPLICIT_RETAIN_SELF = YES;
				CLANG_WARN_OBJC_LITERAL_CONVERSION = YES;
				CLANG_WARN_OBJC_ROOT_CLASS = YES_ERROR;
				CLANG_WARN_QUOTED_INCLUDE_IN_FRAMEWORK_HEADER = YES;
				CLANG_WARN_RANGE_LOOP_ANALYSIS = YES;
				CLANG_WARN_STRICT_PROTOTYPES = YES;
				CLANG_WARN_SUSPICIOUS_MOVE = YES;
				CLANG_WARN_UNGUARDED_AVAILABILITY = YES_AGGRESSIVE;
				CLANG_WARN_UNREACHABLE_CODE = YES;
				CLANG_WARN__DUPLICATE_METHOD_MATCH = YES;
				COPY_PHASE_STRIP = NO;
				DEBUG_INFORMATION_FORMAT = "dwarf-with-dsym";
				ENABLE_NS_ASSERTIONS = NO;
				ENABLE_STRICT_OBJC_MSGSEND = YES;
				ENABLE_USER_SCRIPT_SANDBOXING = YES;
				GCC_C_LANGUAGE_STANDARD = gnu17;
				GCC_NO_COMMON_BLOCKS = YES;
				GCC_WARN_64_TO_32_BIT_CONVERSION = YES;
				GCC_WARN_ABOUT_RETURN_TYPE = YES_ERROR;
				GCC_WARN_UNDECLARED_SELECTOR = YES;
				GCC_WARN_UNINITIALIZED_AUTOS = YES_AGGRESSIVE;
				GCC_WARN_UNUSED_FUNCTION = YES;
				GCC_WARN_UNUSED_VARIABLE = YES;
				IPHONEOS_DEPLOYMENT_TARGET = 18.2;
				LOCALIZATION_PREFERS_STRING_CATALOGS = YES;
				MTL_ENABLE_DEBUG_INFO = NO;
				MTL_FAST_MATH = YES;
				SDKROOT = iphoneos;
				SWIFT_COMPILATION_MODE = wholemodule;
				VALIDATE_PRODUCT = YES;
			};
			name = Release;
		};
		F69D95CF2D43413C00503127 /* Debug */ = {
			isa = XCBuildConfiguration;
			baseConfigurationReference = 0A029AB67C4EEC263A8C7F6B /* Pods-Taste Test.debug.xcconfig */;
			buildSettings = {
				ASSETCATALOG_COMPILER_APPICON_NAME = AppIcon;
				ASSETCATALOG_COMPILER_GLOBAL_ACCENT_COLOR_NAME = AccentColor;
				CODE_SIGN_STYLE = Automatic;
				CURRENT_PROJECT_VERSION = 0.1.1;
				DEVELOPMENT_ASSET_PATHS = "\"Taste Test/Preview Content\"";
				DEVELOPMENT_TEAM = 23QBGEBT3W;
				ENABLE_PREVIEWS = YES;
				GENERATE_INFOPLIST_FILE = YES;
				INFOPLIST_FILE = "$(SRCROOT)/Taste Test/Info.plist";
				INFOPLIST_KEY_UIApplicationSceneManifest_Generation = YES;
				INFOPLIST_KEY_UIApplicationSupportsIndirectInputEvents = YES;
				INFOPLIST_KEY_UILaunchScreen_Generation = YES;
				INFOPLIST_KEY_UISupportedInterfaceOrientations_iPad = "UIInterfaceOrientationPortrait UIInterfaceOrientationPortraitUpsideDown UIInterfaceOrientationLandscapeLeft UIInterfaceOrientationLandscapeRight";
				INFOPLIST_KEY_UISupportedInterfaceOrientations_iPhone = "UIInterfaceOrientationPortrait UIInterfaceOrientationLandscapeLeft UIInterfaceOrientationLandscapeRight";
				IPHONEOS_DEPLOYMENT_TARGET = 15.6;
				LD_RUNPATH_SEARCH_PATHS = (
					"$(inherited)",
					"@executable_path/Frameworks",
				);
				MARKETING_VERSION = 0.1.1;
				PRODUCT_BUNDLE_IDENTIFIER = "com.jeffwinkle.Taste-Test";
				PRODUCT_NAME = "$(TARGET_NAME)";
				SWIFT_EMIT_LOC_STRINGS = YES;
				SWIFT_VERSION = 5.0;
				TARGETED_DEVICE_FAMILY = "1,2";
			};
			name = Debug;
		};
		F69D95D02D43413C00503127 /* Release */ = {
			isa = XCBuildConfiguration;
			baseConfigurationReference = 8B442CD6141039DDF50A9D2B /* Pods-Taste Test.release.xcconfig */;
			buildSettings = {
				ASSETCATALOG_COMPILER_APPICON_NAME = AppIcon;
				ASSETCATALOG_COMPILER_GLOBAL_ACCENT_COLOR_NAME = AccentColor;
				CODE_SIGN_STYLE = Automatic;
				CURRENT_PROJECT_VERSION = 0.1.1;
				DEVELOPMENT_ASSET_PATHS = "\"Taste Test/Preview Content\"";
				DEVELOPMENT_TEAM = 23QBGEBT3W;
				ENABLE_PREVIEWS = YES;
				GENERATE_INFOPLIST_FILE = YES;
				INFOPLIST_FILE = "$(SRCROOT)/Taste Test/Info.plist";
				INFOPLIST_KEY_UIApplicationSceneManifest_Generation = YES;
				INFOPLIST_KEY_UIApplicationSupportsIndirectInputEvents = YES;
				INFOPLIST_KEY_UILaunchScreen_Generation = YES;
				INFOPLIST_KEY_UISupportedInterfaceOrientations_iPad = "UIInterfaceOrientationPortrait UIInterfaceOrientationPortraitUpsideDown UIInterfaceOrientationLandscapeLeft UIInterfaceOrientationLandscapeRight";
				INFOPLIST_KEY_UISupportedInterfaceOrientations_iPhone = "UIInterfaceOrientationPortrait UIInterfaceOrientationLandscapeLeft UIInterfaceOrientationLandscapeRight";
				IPHONEOS_DEPLOYMENT_TARGET = 15.6;
				LD_RUNPATH_SEARCH_PATHS = (
					"$(inherited)",
					"@executable_path/Frameworks",
				);
				MARKETING_VERSION = 0.1.1;
				PRODUCT_BUNDLE_IDENTIFIER = "com.jeffwinkle.Taste-Test";
				PRODUCT_NAME = "$(TARGET_NAME)";
				SWIFT_EMIT_LOC_STRINGS = YES;
				SWIFT_VERSION = 5.0;
				TARGETED_DEVICE_FAMILY = "1,2";
			};
			name = Release;
		};
		F69D95D22D43413C00503127 /* Debug */ = {
			isa = XCBuildConfiguration;
			baseConfigurationReference = E654C586773F827B05FB91F5 /* Pods-Taste TestTests.debug.xcconfig */;
			buildSettings = {
				BUNDLE_LOADER = "$(TEST_HOST)";
				CODE_SIGN_STYLE = Automatic;
				CURRENT_PROJECT_VERSION = 1;
				GENERATE_INFOPLIST_FILE = YES;
				IPHONEOS_DEPLOYMENT_TARGET = 18.2;
				MARKETING_VERSION = 1.0;
				PRODUCT_BUNDLE_IDENTIFIER = "com.jeffwinkle.Taste-TestTests";
				PRODUCT_NAME = "$(TARGET_NAME)";
				SWIFT_EMIT_LOC_STRINGS = NO;
				SWIFT_VERSION = 5.0;
				TARGETED_DEVICE_FAMILY = "1,2";
				TEST_HOST = "$(BUILT_PRODUCTS_DIR)/Taste Test.app/$(BUNDLE_EXECUTABLE_FOLDER_PATH)/Taste Test";
			};
			name = Debug;
		};
		F69D95D32D43413C00503127 /* Release */ = {
			isa = XCBuildConfiguration;
			baseConfigurationReference = BFAA9A9F487559D3BE9CECE3 /* Pods-Taste TestTests.release.xcconfig */;
			buildSettings = {
				BUNDLE_LOADER = "$(TEST_HOST)";
				CODE_SIGN_STYLE = Automatic;
				CURRENT_PROJECT_VERSION = 1;
				GENERATE_INFOPLIST_FILE = YES;
				IPHONEOS_DEPLOYMENT_TARGET = 18.2;
				MARKETING_VERSION = 1.0;
				PRODUCT_BUNDLE_IDENTIFIER = "com.jeffwinkle.Taste-TestTests";
				PRODUCT_NAME = "$(TARGET_NAME)";
				SWIFT_EMIT_LOC_STRINGS = NO;
				SWIFT_VERSION = 5.0;
				TARGETED_DEVICE_FAMILY = "1,2";
				TEST_HOST = "$(BUILT_PRODUCTS_DIR)/Taste Test.app/$(BUNDLE_EXECUTABLE_FOLDER_PATH)/Taste Test";
			};
			name = Release;
		};
		F69D95D52D43413C00503127 /* Debug */ = {
			isa = XCBuildConfiguration;
			baseConfigurationReference = 044B8D788A97DF71F99EDAFF /* Pods-Taste Test-Taste TestUITests.debug.xcconfig */;
			buildSettings = {
				CODE_SIGN_STYLE = Automatic;
				CURRENT_PROJECT_VERSION = 1;
				GENERATE_INFOPLIST_FILE = YES;
				MARKETING_VERSION = 1.0;
				PRODUCT_BUNDLE_IDENTIFIER = "com.jeffwinkle.Taste-TestUITests";
				PRODUCT_NAME = "$(TARGET_NAME)";
				SWIFT_EMIT_LOC_STRINGS = NO;
				SWIFT_VERSION = 5.0;
				TARGETED_DEVICE_FAMILY = "1,2";
				TEST_TARGET_NAME = "Taste Test";
			};
			name = Debug;
		};
		F69D95D62D43413C00503127 /* Release */ = {
			isa = XCBuildConfiguration;
			baseConfigurationReference = 6246B14B17FD664BA8E29B75 /* Pods-Taste Test-Taste TestUITests.release.xcconfig */;
			buildSettings = {
				CODE_SIGN_STYLE = Automatic;
				CURRENT_PROJECT_VERSION = 1;
				GENERATE_INFOPLIST_FILE = YES;
				MARKETING_VERSION = 1.0;
				PRODUCT_BUNDLE_IDENTIFIER = "com.jeffwinkle.Taste-TestUITests";
				PRODUCT_NAME = "$(TARGET_NAME)";
				SWIFT_EMIT_LOC_STRINGS = NO;
				SWIFT_VERSION = 5.0;
				TARGETED_DEVICE_FAMILY = "1,2";
				TEST_TARGET_NAME = "Taste Test";
			};
			name = Release;
		};
/* End XCBuildConfiguration section */

/* Begin XCConfigurationList section */
		F69D95A52D43413A00503127 /* Build configuration list for PBXProject "Taste Test" */ = {
			isa = XCConfigurationList;
			buildConfigurations = (
				F69D95CC2D43413C00503127 /* Debug */,
				F69D95CD2D43413C00503127 /* Release */,
			);
			defaultConfigurationIsVisible = 0;
			defaultConfigurationName = Release;
		};
		F69D95CE2D43413C00503127 /* Build configuration list for PBXNativeTarget "Taste Test" */ = {
			isa = XCConfigurationList;
			buildConfigurations = (
				F69D95CF2D43413C00503127 /* Debug */,
				F69D95D02D43413C00503127 /* Release */,
			);
			defaultConfigurationIsVisible = 0;
			defaultConfigurationName = Release;
		};
		F69D95D12D43413C00503127 /* Build configuration list for PBXNativeTarget "Taste TestTests" */ = {
			isa = XCConfigurationList;
			buildConfigurations = (
				F69D95D22D43413C00503127 /* Debug */,
				F69D95D32D43413C00503127 /* Release */,
			);
			defaultConfigurationIsVisible = 0;
			defaultConfigurationName = Release;
		};
		F69D95D42D43413C00503127 /* Build configuration list for PBXNativeTarget "Taste TestUITests" */ = {
			isa = XCConfigurationList;
			buildConfigurations = (
				F69D95D52D43413C00503127 /* Debug */,
				F69D95D62D43413C00503127 /* Release */,
			);
			defaultConfigurationIsVisible = 0;
			defaultConfigurationName = Release;
		};
/* End XCConfigurationList section */

/* Begin XCRemoteSwiftPackageReference section */
		F6BA75FB2D4578E7002378AE /* XCRemoteSwiftPackageReference "Down" */ = {
			isa = XCRemoteSwiftPackageReference;
			repositoryURL = "https://github.com/iwasrobbed/Down";
			requirement = {
				branch = master;
				kind = branch;
			};
		};
		F6BA75FF2D46A35D002378AE /* XCRemoteSwiftPackageReference "supabase-swift" */ = {
			isa = XCRemoteSwiftPackageReference;
			repositoryURL = "https://github.com/supabase-community/supabase-swift";
			requirement = {
				kind = upToNextMajorVersion;
				minimumVersion = 2.5.1;
			};
		};
/* End XCRemoteSwiftPackageReference section */

/* Begin XCSwiftPackageProductDependency section */
		F6BA75FC2D45790C002378AE /* Down */ = {
			isa = XCSwiftPackageProductDependency;
			package = F6BA75FB2D4578E7002378AE /* XCRemoteSwiftPackageReference "Down" */;
			productName = Down;
		};
		F6BA76002D46A35D002378AE /* Auth */ = {
			isa = XCSwiftPackageProductDependency;
			package = F6BA75FF2D46A35D002378AE /* XCRemoteSwiftPackageReference "supabase-swift" */;
			productName = Auth;
		};
		F6BA76022D46A35D002378AE /* Functions */ = {
			isa = XCSwiftPackageProductDependency;
			package = F6BA75FF2D46A35D002378AE /* XCRemoteSwiftPackageReference "supabase-swift" */;
			productName = Functions;
		};
		F6BA76042D46A35D002378AE /* PostgREST */ = {
			isa = XCSwiftPackageProductDependency;
			package = F6BA75FF2D46A35D002378AE /* XCRemoteSwiftPackageReference "supabase-swift" */;
			productName = PostgREST;
		};
		F6BA76062D46A35D002378AE /* Realtime */ = {
			isa = XCSwiftPackageProductDependency;
			package = F6BA75FF2D46A35D002378AE /* XCRemoteSwiftPackageReference "supabase-swift" */;
			productName = Realtime;
		};
		F6BA76082D46A35D002378AE /* Storage */ = {
			isa = XCSwiftPackageProductDependency;
			package = F6BA75FF2D46A35D002378AE /* XCRemoteSwiftPackageReference "supabase-swift" */;
			productName = Storage;
		};
/* End XCSwiftPackageProductDependency section */
	};
	rootObject = F69D95A22D43413A00503127 /* Project object */;
}
